
Microsoft Visual Studio Solution File, Format Version 12.00
# Visual Studio Version 18
VisualStudioVersion = 18.2.11415.280
MinimumVisualStudioVersion = 10.0.40219.1
Project("{FAE04EC0-301F-11D3-BF4B-00C04F79EFBC}") = "PREACTexecute", "PREACTexecute\PREACTexecute.csproj", "{8A9382FF-050E-456A-A450-1D8049D06820}"
EndProject
Project("{FAE04EC0-301F-11D3-BF4B-00C04F79EFBC}") = "PREACTcore", "PREACTcore\PREACTcore.csproj", "{E8B7BDBB-69FE-4ACD-B781-873193F5DBFA}"
EndProject
Project("{FAE04EC0-301F-11D3-BF4B-00C04F79EFBC}") = "Assembly-CSharp", "..\WUInity\Assembly-CSharp.csproj", "{0D9FD70E-31C7-D9AE-6407-BBC11E6C95D3}"
EndProject
Project("{FAE04EC0-301F-11D3-BF4B-00C04F79EFBC}") = "FeatureTester", "FeatureTester\FeatureTester.csproj", "{EAA61374-5C2D-4D56-BC04-D162C5029840}"
EndProject
Project("{FAE04EC0-301F-11D3-BF4B-00C04F79EFBC}") = "SimpleFileBrowser.Runtime", "..\WUInity\SimpleFileBrowser.Runtime.csproj", "{7354E788-BB05-0784-9957-F08C5A478CEE}"
EndProject
Global
	GlobalSection(SolutionConfigurationPlatforms) = preSolution
		Debug|Any CPU = Debug|Any CPU
		Debug|x64 = Debug|x64
		Debug|x86 = Debug|x86
		Release|Any CPU = Release|Any CPU
		Release|x64 = Release|x64
		Release|x86 = Release|x86
	EndGlobalSection
	GlobalSection(ProjectConfigurationPlatforms) = postSolution
		{8A9382FF-050E-456A-A450-1D8049D06820}.Debug|Any CPU.ActiveCfg = Debug|Any CPU
		{8A9382FF-050E-456A-A450-1D8049D06820}.Debug|Any CPU.Build.0 = Debug|Any CPU
		{8A9382FF-050E-456A-A450-1D8049D06820}.Debug|x64.ActiveCfg = Debug|Any CPU
		{8A9382FF-050E-456A-A450-1D8049D06820}.Debug|x86.ActiveCfg = Debug|Any CPU
		{8A9382FF-050E-456A-A450-1D8049D06820}.Debug|x86.Build.0 = Debug|Any CPU
		{8A9382FF-050E-456A-A450-1D8049D06820}.Release|Any CPU.ActiveCfg = Release|Any CPU
		{8A9382FF-050E-456A-A450-1D8049D06820}.Release|Any CPU.Build.0 = Release|Any CPU
		{8A9382FF-050E-456A-A450-1D8049D06820}.Release|x64.ActiveCfg = Release|Any CPU
		{8A9382FF-050E-456A-A450-1D8049D06820}.Release|x64.Build.0 = Release|Any CPU
		{8A9382FF-050E-456A-A450-1D8049D06820}.Release|x86.ActiveCfg = Release|Any CPU
		{8A9382FF-050E-456A-A450-1D8049D06820}.Release|x86.Build.0 = Release|Any CPU
		{E8B7BDBB-69FE-4ACD-B781-873193F5DBFA}.Debug|Any CPU.ActiveCfg = Debug|Any CPU
		{E8B7BDBB-69FE-4ACD-B781-873193F5DBFA}.Debug|Any CPU.Build.0 = Debug|Any CPU
		{E8B7BDBB-69FE-4ACD-B781-873193F5DBFA}.Debug|x64.ActiveCfg = Debug|Any CPU
		{E8B7BDBB-69FE-4ACD-B781-873193F5DBFA}.Debug|x64.Build.0 = Debug|Any CPU
		{E8B7BDBB-69FE-4ACD-B781-873193F5DBFA}.Debug|x86.ActiveCfg = Debug|Any CPU
		{E8B7BDBB-69FE-4ACD-B781-873193F5DBFA}.Debug|x86.Build.0 = Debug|Any CPU
		{E8B7BDBB-69FE-4ACD-B781-873193F5DBFA}.Release|Any CPU.ActiveCfg = Release|Any CPU
		{E8B7BDBB-69FE-4ACD-B781-873193F5DBFA}.Release|Any CPU.Build.0 = Release|Any CPU
		{E8B7BDBB-69FE-4ACD-B781-873193F5DBFA}.Release|x64.ActiveCfg = Release|Any CPU
		{E8B7BDBB-69FE-4ACD-B781-873193F5DBFA}.Release|x64.Build.0 = Release|Any CPU
		{E8B7BDBB-69FE-4ACD-B781-873193F5DBFA}.Release|x86.ActiveCfg = Release|Any CPU
		{E8B7BDBB-69FE-4ACD-B781-873193F5DBFA}.Release|x86.Build.0 = Release|Any CPU
		{0D9FD70E-31C7-D9AE-6407-BBC11E6C95D3}.Debug|Any CPU.ActiveCfg = Debug|Any CPU
		{0D9FD70E-31C7-D9AE-6407-BBC11E6C95D3}.Debug|Any CPU.Build.0 = Debug|Any CPU
		{0D9FD70E-31C7-D9AE-6407-BBC11E6C95D3}.Debug|x64.ActiveCfg = Debug|Any CPU
		{0D9FD70E-31C7-D9AE-6407-BBC11E6C95D3}.Debug|x64.Build.0 = Debug|Any CPU
		{0D9FD70E-31C7-D9AE-6407-BBC11E6C95D3}.Debug|x86.ActiveCfg = Debug|Any CPU
		{0D9FD70E-31C7-D9AE-6407-BBC11E6C95D3}.Debug|x86.Build.0 = Debug|Any CPU
		{0D9FD70E-31C7-D9AE-6407-BBC11E6C95D3}.Release|Any CPU.ActiveCfg = Release|Any CPU
		{0D9FD70E-31C7-D9AE-6407-BBC11E6C95D3}.Release|Any CPU.Build.0 = Release|Any CPU
		{0D9FD70E-31C7-D9AE-6407-BBC11E6C95D3}.Release|x64.ActiveCfg = Release|Any CPU
		{0D9FD70E-31C7-D9AE-6407-BBC11E6C95D3}.Release|x64.Build.0 = Release|Any CPU
		{0D9FD70E-31C7-D9AE-6407-BBC11E6C95D3}.Release|x86.ActiveCfg = Release|Any CPU
		{0D9FD70E-31C7-D9AE-6407-BBC11E6C95D3}.Release|x86.Build.0 = Release|Any CPU
		{EAA61374-5C2D-4D56-BC04-D162C5029840}.Debug|Any CPU.ActiveCfg = Debug|Any CPU
		{EAA61374-5C2D-4D56-BC04-D162C5029840}.Debug|Any CPU.Build.0 = Debug|Any CPU
		{EAA61374-5C2D-4D56-BC04-D162C5029840}.Debug|x64.ActiveCfg = Debug|Any CPU
		{EAA61374-5C2D-4D56-BC04-D162C5029840}.Debug|x64.Build.0 = Debug|Any CPU
		{EAA61374-5C2D-4D56-BC04-D162C5029840}.Debug|x86.ActiveCfg = Debug|Any CPU
		{EAA61374-5C2D-4D56-BC04-D162C5029840}.Debug|x86.Build.0 = Debug|Any CPU
		{EAA61374-5C2D-4D56-BC04-D162C5029840}.Release|Any CPU.ActiveCfg = Release|Any CPU
		{EAA61374-5C2D-4D56-BC04-D162C5029840}.Release|Any CPU.Build.0 = Release|Any CPU
		{EAA61374-5C2D-4D56-BC04-D162C5029840}.Release|x64.ActiveCfg = Release|Any CPU
		{EAA61374-5C2D-4D56-BC04-D162C5029840}.Release|x64.Build.0 = Release|Any CPU
		{EAA61374-5C2D-4D56-BC04-D162C5029840}.Release|x86.ActiveCfg = Release|Any CPU
		{EAA61374-5C2D-4D56-BC04-D162C5029840}.Release|x86.Build.0 = Release|Any CPU
		{7354E788-BB05-0784-9957-F08C5A478CEE}.Debug|Any CPU.ActiveCfg = Debug|Any CPU
		{7354E788-BB05-0784-9957-F08C5A478CEE}.Debug|Any CPU.Build.0 = Debug|Any CPU
		{7354E788-BB05-0784-9957-F08C5A478CEE}.Debug|x64.ActiveCfg = Debug|Any CPU
		{7354E788-BB05-0784-9957-F08C5A478CEE}.Debug|x64.Build.0 = Debug|Any CPU
		{7354E788-BB05-0784-9957-F08C5A478CEE}.Debug|x86.ActiveCfg = Debug|Any CPU
		{7354E788-BB05-0784-9957-F08C5A478CEE}.Debug|x86.Build.0 = Debug|Any CPU
		{7354E788-BB05-0784-9957-F08C5A478CEE}.Release|Any CPU.ActiveCfg = Release|Any CPU
		{7354E788-BB05-0784-9957-F08C5A478CEE}.Release|Any CPU.Build.0 = Release|Any CPU
		{7354E788-BB05-0784-9957-F08C5A478CEE}.Release|x64.ActiveCfg = Release|Any CPU
		{7354E788-BB05-0784-9957-F08C5A478CEE}.Release|x64.Build.0 = Release|Any CPU
		{7354E788-BB05-0784-9957-F08C5A478CEE}.Release|x86.ActiveCfg = Release|Any CPU
		{7354E788-BB05-0784-9957-F08C5A478CEE}.Release|x86.Build.0 = Release|Any CPU
	EndGlobalSection
	GlobalSection(SolutionProperties) = preSolution
		HideSolutionNode = FALSE
	EndGlobalSection
	GlobalSection(ExtensibilityGlobals) = postSolution
		SolutionGuid = {BA04920B-05D9-4207-BE21-BD1E31761B84}
	EndGlobalSection
EndGlobal
